{
  "name": "makaron-codex-subscription-relay",
  "version": "1.0.0",
  "lockfileVersion": 3,
  "requires": true,
  "packages": {
    "": {
      "name": "makaron-codex-subscription-relay",
      "version": "1.0.0",
      "dependencies": {
        "@openai/codex": "0.162.0"
      }
    },
    "node_modules/@openai/codex": {
      "version": "0.162.0",
      "resolved": "https://registry.npmjs.org/@openai/codex/-/codex-0.162.0.tgz",
      "integrity": "sha512-qWWckMfknyVym1lD5y2rTwPJA2sgHkzePF2l/Uevss4hVpqbt23rMIHKNTrqECdnv82denylHWEzrAmDnCYNIw==",
      "license": "Apache-2.0",
      "bin": {
        "codex": "bin/codex.js"
      },
      "engines": {
        "node": ">=16"
      },
      "optionalDependencies": {
        "@openai/codex-darwin-arm64": "npm:@openai/codex@0.162.0-darwin-arm64",
        "@openai/codex-darwin-x64": "npm:@openai/codex@0.162.0-darwin-x64",
        "@openai/codex-linux-arm64": "npm:@openai/codex@0.162.0-linux-arm64",
        "@openai/codex-linux-x64": "npm:@openai/codex@0.162.0-linux-x64",
        "@openai/codex-win32-arm64": "npm:@openai/codex@0.162.0-win32-arm64",
        "@openai/codex-win32-x64": "npm:@openai/codex@0.162.0-win32-x64"
      }
    },
    "node_modules/@openai/codex-darwin-arm64": {
      "name": "@openai/codex",
      "version": "0.162.0-darwin-arm64",
      "resolved": "https://registry.npmjs.org/@openai/codex/-/codex-0.162.0-darwin-arm64.tgz",
      "integrity": "sha512-hyiGlMCbZog7IY2TcSWzXbsmtUnynT93QA4utqGlVmFlmz8TurADk3LV28zqUIdgh9GLOzumDIdHQbYieo9Nqw==",
      "cpu": [
        "arm64"
      ],
      "license": "Apache-2.0",
      "optional": true,
      "os": [
        "darwin"
      ],
      "engines": {
        "node": ">=16"
      }
    },
    "node_modules/@openai/codex-darwin-x64": {
      "name": "@openai/codex",
      "version": "0.162.0-darwin-x64",
      "resolved": "https://registry.npmjs.org/@openai/codex/-/codex-0.162.0-darwin-x64.tgz",
      "integrity": "sha512-4XzCUJgEDDdme6VWDEKvbWDA6f+470d4xhhorYUgNBZwY8Dq5NYqvWkO33rnc1vjxkqSj+SwkymHxRMxL6h1CA==",
      "cpu": [
        "x64"
      ],
      "license": "Apache-2.0",
      "optional": true,
      "os": [
        "darwin"
      ],
      "engines": {
        "node": ">=16"
      }
    },
    "node_modules/@openai/codex-linux-arm64": {
      "name": "@openai/codex",
      "version": "0.162.0-linux-arm64",
      "resolved": "https://registry.npmjs.org/@openai/codex/-/codex-0.162.0-linux-arm64.tgz",
      "integrity": "sha512-6NYWwy09FsZ+/0Dz/bvV/yz3aFhkNzj86fSiux9Ax9VMBOID5nPdwd51OySm7fy8TMRud4fgJFELSi3Enc1s7Q==",
      "cpu": [
        "arm64"
      ],
      "license": "Apache-2.0",
      "optional": true,
      "os": [
        "linux"
      ],
      "engines": {
        "node": ">=16"
      }
    },
    "node_modules/@openai/codex-linux-x64": {
      "name": "@openai/codex",
      "version": "0.162.0-linux-x64",
      "resolved": "https://registry.npmjs.org/@openai/codex/-/codex-0.162.0-linux-x64.tgz",
      "integrity": "sha512-qHWp6oKpf456PqjberGN8avs8zChv2oS+UuDiqVFYAuDOhq6vBc1drh8jEsnR7dBX+zcw03PN5VLtePGlMcC3w==",
      "cpu": [
        "x64"
      ],
      "license": "Apache-2.0",
      "optional": true,
      "os": [
        "linux"
      ],
      "engines": {
        "node": ">=16"
      }
    },
    "node_modules/@openai/codex-win32-arm64": {
      "name": "@openai/codex",
      "version": "0.162.0-win32-arm64",
      "resolved": "https://registry.npmjs.org/@openai/codex/-/codex-0.162.0-win32-arm64.tgz",
      "integrity": "sha512-scdBHlUz4AfLOUWT4r4kwe3GFvjbBbWxreLDGoLSyMFf566e7sHSJvlJuV7uha2S7uRoQnMmWwmqYMJuT322UQ==",
      "cpu": [
        "arm64"
      ],
      "license": "Apache-2.0",
      "optional": true,
      "os": [
        "win32"
      ],
      "engines": {
        "node": ">=16"
      }
    },
    "node_modules/@openai/codex-win32-x64": {
      "name": "@openai/codex",
      "version": "0.162.0-win32-x64",
      "resolved": "https://registry.npmjs.org/@openai/codex/-/codex-0.162.0-win32-x64.tgz",
      "integrity": "sha512-W8kqHaqpW0qPz71E0rRT5dq+socGz1BbJyYN7o3SP1TWQt8Zl6ML74R9Hvt/xn1NNLVlDTRfXqNmaMkte6yEMQ==",
      "cpu": [
        "x64"
      ],
      "license": "Apache-2.0",
      "optional": true,
      "os": [
        "win32"
      ],
      "engines": {
        "node": ">=16"
      }
    }
  }
}
